PODS:
  - AFNetworking (3.1.0):
    - AFNetworking/NSURLSession (= 3.1.0)
    - AFNetworking/Reachability (= 3.1.0)
    - AFNetworking/Security (= 3.1.0)
    - AFNetworking/Serialization (= 3.1.0)
    - AFNetworking/UIKit (= 3.1.0)
  - AFNetworking/NSURLSession (3.1.0):
    - AFNetworking/Reachability
    - AFNetworking/Security
    - AFNetworking/Serialization
  - AFNetworking/Reachability (3.1.0)
  - AFNetworking/Security (3.1.0)
  - AFNetworking/Serialization (3.1.0)
  - AFNetworking/UIKit (3.1.0):
    - AFNetworking/NSURLSession
  - BlocksKit (2.2.5):
    - BlocksKit/All (= 2.2.5)
  - BlocksKit/All (2.2.5):
    - BlocksKit/Core
    - BlocksKit/DynamicDelegate
    - BlocksKit/MessageUI
    - BlocksKit/UIKit
  - BlocksKit/Core (2.2.5)
  - BlocksKit/DynamicDelegate (2.2.5)
  - BlocksKit/MessageUI (2.2.5):
    - BlocksKit/Core
    - BlocksKit/DynamicDelegate
  - BlocksKit/UIKit (2.2.5):
    - BlocksKit/Core
    - BlocksKit/DynamicDelegate
  - Bugly (2.5.0)
  - GTSDK (2.1.0.0-noidfa)
  - HappyDNS (0.3.12)
  - Masonry (1.1.0)
  - MJExtension (3.0.13)
  - MJRefresh (3.1.15.3)
  - mob_sharesdk (4.0.9):
    - mob_sharesdk/ShareSDK (= 4.0.9)
    - MOBFoundation
  - mob_sharesdk/ShareSDK (4.0.9):
    - MOBFoundation
  - mob_sharesdk/ShareSDKExtension (4.0.9):
    - mob_sharesdk/ShareSDK
    - MOBFoundation
  - mob_sharesdk/ShareSDKPlatforms/Copy (4.0.9):
    - mob_sharesdk/ShareSDK
    - MOBFoundation
  - mob_sharesdk/ShareSDKPlatforms/QQ (4.0.9):
    - mob_sharesdk/ShareSDK
    - MOBFoundation
  - mob_sharesdk/ShareSDKPlatforms/SinaWeibo (4.0.9):
    - mob_sharesdk/ShareSDK
    - MOBFoundation
  - mob_sharesdk/ShareSDKPlatforms/WeChat (4.0.9):
    - mob_sharesdk/ShareSDK
    - MOBFoundation
  - MOBFoundation (3.1.1)
  - Qiniu (7.2.3):
    - HappyDNS (~> 0.3)
  - SDWebImage (4.2.3):
    - SDWebImage/Core (= 4.2.3)
  - SDWebImage/Core (4.2.3)
  - TTTAttributedLabel (2.0.0)
  - YYImage (1.0.4):
    - YYImage/Core (= 1.0.4)
  - YYImage/Core (1.0.4)

DEPENDENCIES:
  - AFNetworking (= 3.1.0)
  - BlocksKit (= 2.2.5)
  - Bugly (= 2.5.0)
  - GTSDK (= 2.1.0.0-noidfa)
  - Masonry (= 1.1.0)
  - MJExtension (= 3.0.13)
  - MJRefresh (= 3.1.15.3)
  - mob_sharesdk (= 4.0.9)
  - mob_sharesdk/ShareSDKExtension (= 4.0.9)
  - mob_sharesdk/ShareSDKPlatforms/Copy (= 4.0.9)
  - mob_sharesdk/ShareSDKPlatforms/QQ (= 4.0.9)
  - mob_sharesdk/ShareSDKPlatforms/SinaWeibo (= 4.0.9)
  - mob_sharesdk/ShareSDKPlatforms/WeChat (= 4.0.9)
  - Qiniu (= 7.2.3)
  - SDWebImage (= 4.2.3)
  - TTTAttributedLabel (= 2.0.0)
  - YYImage (= 1.0.4)

SPEC CHECKSUMS:
  AFNetworking: 5e0e199f73d8626b11e79750991f5d173d1f8b67
  BlocksKit: 7f422b971407001178d181a43b99014ea2591fe6
  Bugly: 3ca9f255c01025582df26f9222893b383c7e4b4e
  GTSDK: 940f6eb5191f7655499c3ec0d6c6f034b84f3f85
  HappyDNS: 691a3041128055d09866f86e6e9ca90f24da1f18
  Masonry: 678fab65091a9290e40e2832a55e7ab731aad201
  MJExtension: 5932755f451458eefa24239358817f8d291240c7
  MJRefresh: b48380ae2b927b46c4ef000de9adb8dc748e1df7
  mob_sharesdk: dba24818a6d9328581ed24a64635070e0896dc1a
  MOBFoundation: 981288b6bdff2e1a97ef05db6fceff982306a385
  Qiniu: ae0fea1cc379fae1560d8748ac537e0fbeb8626e
  SDWebImage: 791bb72962b3492327ddcac4b1880bd1b5458431
  TTTAttributedLabel: 8cffe8e127e4e82ff3af1e5386d4cd0ad000b656
  YYImage: 1e1b62a9997399593e4b9c4ecfbbabbf1d3f3b54

PODFILE CHECKSUM: 668e0f1bf00c6495704482b9e4a39130359f6bd3

COCOAPODS: 1.3.1
