PODS:
  - AFNetworking (3.1.0):
    - AFNetworking/NSURLSession (= 3.1.0)
    - AFNetworking/Reachability (= 3.1.0)
    - AFNetworking/Security (= 3.1.0)
    - AFNetworking/Serialization (= 3.1.0)
    - AFNetworking/UIKit (= 3.1.0)
  - AFNetworking/NSURLSession (3.1.0):
    - AFNetworking/Reachability
    - AFNetworking/Security
    - AFNetworking/Serialization
  - AFNetworking/Reachability (3.1.0)
  - AFNetworking/Security (3.1.0)
  - AFNetworking/Serialization (3.1.0)
  - AFNetworking/UIKit (3.1.0):
    - AFNetworking/NSURLSession
  - GTSDK (1.5.0)
  - HappyDNS (0.3.10)
  - Masonry (1.0.2)
  - MJExtension (3.0.13)
  - MJRefresh (3.1.12)
  - MOBFoundation_IDFA (2.0.11)
  - Qiniu (7.1.1):
    - AFNetworking (~> 3)
    - HappyDNS (~> 0.3)
  - SDWebImage (3.8.2):
    - SDWebImage/Core (= 3.8.2)
  - SDWebImage/Core (3.8.2)
  - ShareSDK3 (3.4.2):
    - ShareSDK3/ShareSDK (= 3.4.2)
  - ShareSDK3/ShareSDK (3.4.2)
  - ShareSDK3/ShareSDKPlatforms/QQ (3.4.2)
  - ShareSDK3/ShareSDKPlatforms/SinaWeibo (3.4.2)
  - ShareSDK3/ShareSDKPlatforms/WeChat (3.4.2)
  - TTTAttributedLabel (1.13.4)
  - YYKit (1.0.9):
    - YYKit/no-arc (= 1.0.9)
  - YYKit/no-arc (1.0.9)

DEPENDENCIES:
  - AFNetworking (~> 3.1.0)
  - GTSDK
  - Masonry (~> 1.0.2)
  - MJExtension (~> 3.0.13)
  - MJRefresh (~> 3.1.12)
  - MOBFoundation_IDFA (~> 2.0.11)
  - Qiniu (~> 7.1)
  - SDWebImage (~> 3.8.2)
  - ShareSDK3 (~> 3.4.2)
  - ShareSDK3/ShareSDKPlatforms/QQ
  - ShareSDK3/ShareSDKPlatforms/SinaWeibo
  - ShareSDK3/ShareSDKPlatforms/WeChat
  - TTTAttributedLabel
  - YYKit

SPEC CHECKSUMS:
  AFNetworking: 5e0e199f73d8626b11e79750991f5d173d1f8b67
  GTSDK: 4380de452178d8ba2a67189f10c6743d0f9536b9
  HappyDNS: 06a9fed2796663fd87626dbf02552933265bf059
  Masonry: 7c429b56da9d4ee0bbb3ed77a5ea710d6a5df39e
  MJExtension: 5932755f451458eefa24239358817f8d291240c7
  MJRefresh: b96cdb21c4aa75a7b07654311ab2f315c497e806
  MOBFoundation_IDFA: fb7bf493361568f392e0a71bd2503aaa5b8dab9d
  Qiniu: 5e5d7d759d22393bb4b87cdfacf8fab951260f3e
  SDWebImage: 098e97e6176540799c27e804c96653ee0833d13c
  ShareSDK3: 2fa975dd22937fc7de3f6b5d0c41a18ba0dd1661
  TTTAttributedLabel: 0a2ac7b2dd726d32a070dafb01446026b11e624f
  YYKit: 7cda43304a8dc3696c449041e2cb3107b4e236e7

PODFILE CHECKSUM: 2817052accb173a3b6f83918b26e84134b16edae

COCOAPODS: 1.0.0
